
Microsoft Visual Studio Solution File, Format Version 10.00
# Visual Studio 2008
Project("{8BC9CEB8-8B4A-11D0-8D11-00A0C91BC942}") = "LittleC", "LittleC.vcproj", "{CD0B0B92-2296-4F66-87D4-B5D00DF78F77}"
EndProject
Global
	GlobalSection(SolutionConfigurationPlatforms) = preSolution
		Debug|Win32 = Debug|Win32
		Release|Win32 = Release|Win32
	EndGlobalSection
	GlobalSection(ProjectConfigurationPlatforms) = postSolution
		{CD0B0B92-2296-4F66-87D4-B5D00DF78F77}.Debug|Win32.ActiveCfg = Debug|Win32
		{CD0B0B92-2296-4F66-87D4-B5D00DF78F77}.Debug|Win32.Build.0 = Debug|Win32
		{CD0B0B92-2296-4F66-87D4-B5D00DF78F77}.Release|Win32.ActiveCfg = Release|Win32
		{CD0B0B92-2296-4F66-87D4-B5D00DF78F77}.Release|Win32.Build.0 = Release|Win32
	EndGlobalSection
	GlobalSection(SolutionProperties) = preSolution
		HideSolutionNode = FALSE
	EndGlobalSection
EndGlobal
