// !$*UTF8*$!
{
	archiveVersion = 1;
	classes = {
	};
	objectVersion = 46;
	objects = {

/* Begin PBXBuildFile section */
		D0C49C3A1D91F47C0094DFF7 /* lclib.c in Sources */ = {isa = PBXBuildFile; fileRef = D0C49C371D91F47C0094DFF7 /* lclib.c */; };
		D0C49C3B1D91F47C0094DFF7 /* littlec.c in Sources */ = {isa = PBXBuildFile; fileRef = D0C49C381D91F47C0094DFF7 /* littlec.c */; };
		D0C49C3C1D91F47C0094DFF7 /* parser.c in Sources */ = {isa = PBXBuildFile; fileRef = D0C49C391D91F47C0094DFF7 /* parser.c */; };
/* End PBXBuildFile section */

/* Begin PBXCopyFilesBuildPhase section */
		D088EDD11D91F43700F80DEF /* CopyFiles */ = {
			isa = PBXCopyFilesBuildPhase;
			buildActionMask = 2147483647;
			dstPath = /usr/share/man/man1/;
			dstSubfolderSpec = 0;
			files = (
			);
			runOnlyForDeploymentPostprocessing = 1;
		};
/* End PBXCopyFilesBuildPhase section */

/* Begin PBXFileReference section */
		D088EDD31D91F43800F80DEF /* littlec */ = {isa = PBXFileReference; explicitFileType = "compiled.mach-o.executable"; includeInIndex = 0; path = littlec; sourceTree = BUILT_PRODUCTS_DIR; };
		D0C49C371D91F47C0094DFF7 /* lclib.c */ = {isa = PBXFileReference; fileEncoding = 4; lastKnownFileType = sourcecode.c.c; name = lclib.c; path = ../src/lclib.c; sourceTree = "<group>"; };
		D0C49C381D91F47C0094DFF7 /* littlec.c */ = {isa = PBXFileReference; fileEncoding = 4; lastKnownFileType = sourcecode.c.c; name = littlec.c; path = ../src/littlec.c; sourceTree = "<group>"; };
		D0C49C391D91F47C0094DFF7 /* parser.c */ = {isa = PBXFileReference; fileEncoding = 4; lastKnownFileType = sourcecode.c.c; name = parser.c; path = ../src/parser.c; sourceTree = "<group>"; };
/* End PBXFileReference section */

/* Begin PBXFrameworksBuildPhase section */
		D088EDD01D91F43700F80DEF /* Frameworks */ = {
			isa = PBXFrameworksBuildPhase;
			buildActionMask = 2147483647;
			files = (
			);
			runOnlyForDeploymentPostprocessing = 0;
		};
/* End PBXFrameworksBuildPhase section */

/* Begin PBXGroup section */
		D088EDCA1D91F43700F80DEF = {
			isa = PBXGroup;
			children = (
				D0C49C3D1D91F48E0094DFF7 /* src */,
				D088EDD41D91F43800F80DEF /* Products */,
			);
			sourceTree = "<group>";
		};
		D088EDD41D91F43800F80DEF /* Products */ = {
			isa = PBXGroup;
			children = (
				D088EDD31D91F43800F80DEF /* littlec */,
			);
			name = Products;
			sourceTree = "<group>";
		};
		D0C49C3D1D91F48E0094DFF7 /* src */ = {
			isa = PBXGroup;
			children = (
				D0C49C371D91F47C0094DFF7 /* lclib.c */,
				D0C49C381D91F47C0094DFF7 /* littlec.c */,
				D0C49C391D91F47C0094DFF7 /* parser.c */,
			);
			name = src;
			sourceTree = "<group>";
		};
/* End PBXGroup section */

/* Begin PBXNativeTarget section */
		D088EDD21D91F43700F80DEF /* littlec */ = {
			isa = PBXNativeTarget;
			buildConfigurationList = D088EDDA1D91F43800F80DEF /* Build configuration list for PBXNativeTarget "littlec" */;
			buildPhases = (
				D088EDCF1D91F43700F80DEF /* Sources */,
				D088EDD01D91F43700F80DEF /* Frameworks */,
				D088EDD11D91F43700F80DEF /* CopyFiles */,
			);
			buildRules = (
			);
			dependencies = (
			);
			name = littlec;
			productName = littlec;
			productReference = D088EDD31D91F43800F80DEF /* littlec */;
			productType = "com.apple.product-type.tool";
		};
/* End PBXNativeTarget section */

/* Begin PBXProject section */
		D088EDCB1D91F43700F80DEF /* Project object */ = {
			isa = PBXProject;
			attributes = {
				LastUpgradeCheck = 0800;
				ORGANIZATIONNAME = "Peter Chapman";
				TargetAttributes = {
					D088EDD21D91F43700F80DEF = {
						CreatedOnToolsVersion = 8.0;
						ProvisioningStyle = Automatic;
					};
				};
			};
			buildConfigurationList = D088EDCE1D91F43700F80DEF /* Build configuration list for PBXProject "littlec" */;
			compatibilityVersion = "Xcode 3.2";
			developmentRegion = English;
			hasScannedForEncodings = 0;
			knownRegions = (
				en,
			);
			mainGroup = D088EDCA1D91F43700F80DEF;
			productRefGroup = D088EDD41D91F43800F80DEF /* Products */;
			projectDirPath = "";
			projectRoot = "";
			targets = (
				D088EDD21D91F43700F80DEF /* littlec */,
			);
		};
/* End PBXProject section */

/* Begin PBXSourcesBuildPhase section */
		D088EDCF1D91F43700F80DEF /* Sources */ = {
			isa = PBXSourcesBuildPhase;
			buildActionMask = 2147483647;
			files = (
				D0C49C3A1D91F47C0094DFF7 /* lclib.c in Sources */,
				D0C49C3C1D91F47C0094DFF7 /* parser.c in Sources */,
				D0C49C3B1D91F47C0094DFF7 /* littlec.c in Sources */,
			);
			runOnlyForDeploymentPostprocessing = 0;
		};
/* End PBXSourcesBuildPhase section */

/* Begin XCBuildConfiguration section */
		D088EDD81D91F43800F80DEF /* Debug */ = {
			isa = XCBuildConfiguration;
			buildSettings = {
				ALWAYS_SEARCH_USER_PATHS = NO;
				CLANG_ANALYZER_NONNULL = YES;
				CLANG_CXX_LANGUAGE_STANDARD = "gnu++0x";
				CLANG_CXX_LIBRARY = "libc++";
				CLANG_ENABLE_MODULES = YES;
				CLANG_ENABLE_OBJC_ARC = YES;
				CLANG_WARN_BOOL_CONVERSION = YES;
				CLANG_WARN_CONSTANT_CONVERSION = YES;
				CLANG_WARN_DIRECT_OBJC_ISA_USAGE = YES_ERROR;
				CLANG_WARN_DOCUMENTATION_COMMENTS = YES;
				CLANG_WARN_EMPTY_BODY = YES;
				CLANG_WARN_ENUM_CONVERSION = YES;
				CLANG_WARN_INFINITE_RECURSION = YES;
				CLANG_WARN_INT_CONVERSION = YES;
				CLANG_WARN_OBJC_ROOT_CLASS = YES_ERROR;
				CLANG_WARN_SUSPICIOUS_MOVES = YES;
				CLANG_WARN_UNREACHABLE_CODE = YES;
				CLANG_WARN__DUPLICATE_METHOD_MATCH = YES;
				CODE_SIGN_IDENTITY = "-";
				COPY_PHASE_STRIP = NO;
				DEBUG_INFORMATION_FORMAT = dwarf;
				ENABLE_STRICT_OBJC_MSGSEND = YES;
				ENABLE_TESTABILITY = YES;
				GCC_C_LANGUAGE_STANDARD = gnu99;
				GCC_DYNAMIC_NO_PIC = NO;
				GCC_NO_COMMON_BLOCKS = YES;
				GCC_OPTIMIZATION_LEVEL = 0;
				GCC_PREPROCESSOR_DEFINITIONS = (
					"DEBUG=1",
					"$(inherited)",
				);
				GCC_WARN_64_TO_32_BIT_CONVERSION = YES;
				GCC_WARN_ABOUT_RETURN_TYPE = YES_ERROR;
				GCC_WARN_UNDECLARED_SELECTOR = YES;
				GCC_WARN_UNINITIALIZED_AUTOS = YES_AGGRESSIVE;
				GCC_WARN_UNUSED_FUNCTION = YES;
				GCC_WARN_UNUSED_VARIABLE = YES;
				MACOSX_DEPLOYMENT_TARGET = 10.11;
				MTL_ENABLE_DEBUG_INFO = YES;
				ONLY_ACTIVE_ARCH = YES;
				SDKROOT = macosx;
			};
			name = Debug;
		};
		D088EDD91D91F43800F80DEF /* Release */ = {
			isa = XCBuildConfiguration;
			buildSettings = {
				ALWAYS_SEARCH_USER_PATHS = NO;
				CLANG_ANALYZER_NONNULL = YES;
				CLANG_CXX_LANGUAGE_STANDARD = "gnu++0x";
				CLANG_CXX_LIBRARY = "libc++";
				CLANG_ENABLE_MODULES = YES;
				CLANG_ENABLE_OBJC_ARC = YES;
				CLANG_WARN_BOOL_CONVERSION = YES;
				CLANG_WARN_CONSTANT_CONVERSION = YES;
				CLANG_WARN_DIRECT_OBJC_ISA_USAGE = YES_ERROR;
				CLANG_WARN_DOCUMENTATION_COMMENTS = YES;
				CLANG_WARN_EMPTY_BODY = YES;
				CLANG_WARN_ENUM_CONVERSION = YES;
				CLANG_WARN_INFINITE_RECURSION = YES;
				CLANG_WARN_INT_CONVERSION = YES;
				CLANG_WARN_OBJC_ROOT_CLASS = YES_ERROR;
				CLANG_WARN_SUSPICIOUS_MOVES = YES;
				CLANG_WARN_UNREACHABLE_CODE = YES;
				CLANG_WARN__DUPLICATE_METHOD_MATCH = YES;
				CODE_SIGN_IDENTITY = "-";
				COPY_PHASE_STRIP = NO;
				DEBUG_INFORMATION_FORMAT = "dwarf-with-dsym";
				ENABLE_NS_ASSERTIONS = NO;
				ENABLE_STRICT_OBJC_MSGSEND = YES;
				GCC_C_LANGUAGE_STANDARD = gnu99;
				GCC_NO_COMMON_BLOCKS = YES;
				GCC_WARN_64_TO_32_BIT_CONVERSION = YES;
				GCC_WARN_ABOUT_RETURN_TYPE = YES_ERROR;
				GCC_WARN_UNDECLARED_SELECTOR = YES;
				GCC_WARN_UNINITIALIZED_AUTOS = YES_AGGRESSIVE;
				GCC_WARN_UNUSED_FUNCTION = YES;
				GCC_WARN_UNUSED_VARIABLE = YES;
				MACOSX_DEPLOYMENT_TARGET = 10.11;
				MTL_ENABLE_DEBUG_INFO = NO;
				SDKROOT = macosx;
			};
			name = Release;
		};
		D088EDDB1D91F43800F80DEF /* Debug */ = {
			isa = XCBuildConfiguration;
			buildSettings = {
				PRODUCT_NAME = "$(TARGET_NAME)";
			};
			name = Debug;
		};
		D088EDDC1D91F43800F80DEF /* Release */ = {
			isa = XCBuildConfiguration;
			buildSettings = {
				PRODUCT_NAME = "$(TARGET_NAME)";
			};
			name = Release;
		};
/* End XCBuildConfiguration section */

/* Begin XCConfigurationList section */
		D088EDCE1D91F43700F80DEF /* Build configuration list for PBXProject "littlec" */ = {
			isa = XCConfigurationList;
			buildConfigurations = (
				D088EDD81D91F43800F80DEF /* Debug */,
				D088EDD91D91F43800F80DEF /* Release */,
			);
			defaultConfigurationIsVisible = 0;
			defaultConfigurationName = Release;
		};
		D088EDDA1D91F43800F80DEF /* Build configuration list for PBXNativeTarget "littlec" */ = {
			isa = XCConfigurationList;
			buildConfigurations = (
				D088EDDB1D91F43800F80DEF /* Debug */,
				D088EDDC1D91F43800F80DEF /* Release */,
			);
			defaultConfigurationIsVisible = 0;
			defaultConfigurationName = Release;
		};
/* End XCConfigurationList section */
	};
	rootObject = D088EDCB1D91F43700F80DEF /* Project object */;
}
